// !$*UTF8*$!
{
	archiveVersion = 1;
	classes = {
	};
	objectVersion = 46;
	objects = {

/* Begin PBXBuildFile section */
		28932D6D1F023E9E005703DB /* main.m in Sources */ = {isa = PBXBuildFile; fileRef = 28932D6C1F023E9E005703DB /* main.m */; };
		28932D701F023E9E005703DB /* AppDelegate.m in Sources */ = {isa = PBXBuildFile; fileRef = 28932D6F1F023E9E005703DB /* AppDelegate.m */; };
		28932D731F023E9E005703DB /* ViewController.m in Sources */ = {isa = PBXBuildFile; fileRef = 28932D721F023E9E005703DB /* ViewController.m */; };
		28932D761F023E9E005703DB /* Main.storyboard in Resources */ = {isa = PBXBuildFile; fileRef = 28932D741F023E9E005703DB /* Main.storyboard */; };
		28932D781F023E9E005703DB /* Assets.xcassets in Resources */ = {isa = PBXBuildFile; fileRef = 28932D771F023E9E005703DB /* Assets.xcassets */; };
		28932D7B1F023E9E005703DB /* LaunchScreen.storyboard in Resources */ = {isa = PBXBuildFile; fileRef = 28932D791F023E9E005703DB /* LaunchScreen.storyboard */; };
		28932D851F023EC5005703DB /* DKCleanCache.m in Sources */ = {isa = PBXBuildFile; fileRef = 28932D841F023EC5005703DB /* DKCleanCache.m */; };
/* End PBXBuildFile section */

/* Begin PBXFileReference section */
		28932D681F023E9E005703DB /* DKCleanCache.app */ = {isa = PBXFileReference; explicitFileType = wrapper.application; includeInIndex = 0; path = DKCleanCache.app; sourceTree = BUILT_PRODUCTS_DIR; };
		28932D6C1F023E9E005703DB /* main.m */ = {isa = PBXFileReference; lastKnownFileType = sourcecode.c.objc; path = main.m; sourceTree = "<group>"; };
		28932D6E1F023E9E005703DB /* AppDelegate.h */ = {isa = PBXFileReference; lastKnownFileType = sourcecode.c.h; path = AppDelegate.h; sourceTree = "<group>"; };
		28932D6F1F023E9E005703DB /* AppDelegate.m */ = {isa = PBXFileReference; lastKnownFileType = sourcecode.c.objc; path = AppDelegate.m; sourceTree = "<group>"; };
		28932D711F023E9E005703DB /* ViewController.h */ = {isa = PBXFileReference; lastKnownFileType = sourcecode.c.h; path = ViewController.h; sourceTree = "<group>"; };
		28932D721F023E9E005703DB /* ViewController.m */ = {isa = PBXFileReference; lastKnownFileType = sourcecode.c.objc; path = ViewController.m; sourceTree = "<group>"; };
		28932D751F023E9E005703DB /* Base */ = {isa = PBXFileReference; lastKnownFileType = file.storyboard; name = Base; path = Base.lproj/Main.storyboard; sourceTree = "<group>"; };
		28932D771F023E9E005703DB /* Assets.xcassets */ = {isa = PBXFileReference; lastKnownFileType = folder.assetcatalog; path = Assets.xcassets; sourceTree = "<group>"; };
		28932D7A1F023E9E005703DB /* Base */ = {isa = PBXFileReference; lastKnownFileType = file.storyboard; name = Base; path = Base.lproj/LaunchScreen.storyboard; sourceTree = "<group>"; };
		28932D7C1F023E9E005703DB /* Info.plist */ = {isa = PBXFileReference; lastKnownFileType = text.plist.xml; path = Info.plist; sourceTree = "<group>"; };
		28932D831F023EC5005703DB /* DKCleanCache.h */ = {isa = PBXFileReference; fileEncoding = 4; lastKnownFileType = sourcecode.c.h; path = DKCleanCache.h; sourceTree = "<group>"; };
		28932D841F023EC5005703DB /* DKCleanCache.m */ = {isa = PBXFileReference; fileEncoding = 4; lastKnownFileType = sourcecode.c.objc; path = DKCleanCache.m; sourceTree = "<group>"; };
/* End PBXFileReference section */

/* Begin PBXFrameworksBuildPhase section */
		28932D651F023E9E005703DB /* Frameworks */ = {
			isa = PBXFrameworksBuildPhase;
			buildActionMask = 2147483647;
			files = (
			);
			runOnlyForDeploymentPostprocessing = 0;
		};
/* End PBXFrameworksBuildPhase section */

/* Begin PBXGroup section */
		28932D5F1F023E9E005703DB = {
			isa = PBXGroup;
			children = (
				28932D6A1F023E9E005703DB /* DKCleanCache */,
				28932D691F023E9E005703DB /* Products */,
			);
			sourceTree = "<group>";
		};
		28932D691F023E9E005703DB /* Products */ = {
			isa = PBXGroup;
			children = (
				28932D681F023E9E005703DB /* DKCleanCache.app */,
			);
			name = Products;
			sourceTree = "<group>";
		};
		28932D6A1F023E9E005703DB /* DKCleanCache */ = {
			isa = PBXGroup;
			children = (
				28932D821F023EB5005703DB /* CleanCache */,
				28932D6E1F023E9E005703DB /* AppDelegate.h */,
				28932D6F1F023E9E005703DB /* AppDelegate.m */,
				28932D711F023E9E005703DB /* ViewController.h */,
				28932D721F023E9E005703DB /* ViewController.m */,
				28932D741F023E9E005703DB /* Main.storyboard */,
				28932D771F023E9E005703DB /* Assets.xcassets */,
				28932D791F023E9E005703DB /* LaunchScreen.storyboard */,
				28932D7C1F023E9E005703DB /* Info.plist */,
				28932D6B1F023E9E005703DB /* Supporting Files */,
			);
			path = DKCleanCache;
			sourceTree = "<group>";
		};
		28932D6B1F023E9E005703DB /* Supporting Files */ = {
			isa = PBXGroup;
			children = (
				28932D6C1F023E9E005703DB /* main.m */,
			);
			name = "Supporting Files";
			sourceTree = "<group>";
		};
		28932D821F023EB5005703DB /* CleanCache */ = {
			isa = PBXGroup;
			children = (
				28932D831F023EC5005703DB /* DKCleanCache.h */,
				28932D841F023EC5005703DB /* DKCleanCache.m */,
			);
			path = CleanCache;
			sourceTree = "<group>";
		};
/* End PBXGroup section */

/* Begin PBXNativeTarget section */
		28932D671F023E9E005703DB /* DKCleanCache */ = {
			isa = PBXNativeTarget;
			buildConfigurationList = 28932D7F1F023E9E005703DB /* Build configuration list for PBXNativeTarget "DKCleanCache" */;
			buildPhases = (
				28932D641F023E9E005703DB /* Sources */,
				28932D651F023E9E005703DB /* Frameworks */,
				28932D661F023E9E005703DB /* Resources */,
			);
			buildRules = (
			);
			dependencies = (
			);
			name = DKCleanCache;
			productName = DKCleanCache;
			productReference = 28932D681F023E9E005703DB /* DKCleanCache.app */;
			productType = "com.apple.product-type.application";
		};
/* End PBXNativeTarget section */

/* Begin PBXProject section */
		28932D601F023E9E005703DB /* Project object */ = {
			isa = PBXProject;
			attributes = {
				LastUpgradeCheck = 0830;
				ORGANIZATIONNAME = doublek;
				TargetAttributes = {
					28932D671F023E9E005703DB = {
						CreatedOnToolsVersion = 8.3.3;
						ProvisioningStyle = Automatic;
					};
				};
			};
			buildConfigurationList = 28932D631F023E9E005703DB /* Build configuration list for PBXProject "DKCleanCache" */;
			compatibilityVersion = "Xcode 3.2";
			developmentRegion = English;
			hasScannedForEncodings = 0;
			knownRegions = (
				en,
				Base,
			);
			mainGroup = 28932D5F1F023E9E005703DB;
			productRefGroup = 28932D691F023E9E005703DB /* Products */;
			projectDirPath = "";
			projectRoot = "";
			targets = (
				28932D671F023E9E005703DB /* DKCleanCache */,
			);
		};
/* End PBXProject section */

/* Begin PBXResourcesBuildPhase section */
		28932D661F023E9E005703DB /* Resources */ = {
			isa = PBXResourcesBuildPhase;
			buildActionMask = 2147483647;
			files = (
				28932D7B1F023E9E005703DB /* LaunchScreen.storyboard in Resources */,
				28932D781F023E9E005703DB /* Assets.xcassets in Resources */,
				28932D761F023E9E005703DB /* Main.storyboard in Resources */,
			);
			runOnlyForDeploymentPostprocessing = 0;
		};
/* End PBXResourcesBuildPhase section */

/* Begin PBXSourcesBuildPhase section */
		28932D641F023E9E005703DB /* Sources */ = {
			isa = PBXSourcesBuildPhase;
			buildActionMask = 2147483647;
			files = (
				28932D731F023E9E005703DB /* ViewController.m in Sources */,
				28932D701F023E9E005703DB /* AppDelegate.m in Sources */,
				28932D6D1F023E9E005703DB /* main.m in Sources */,
				28932D851F023EC5005703DB /* DKCleanCache.m in Sources */,
			);
			runOnlyForDeploymentPostprocessing = 0;
		};
/* End PBXSourcesBuildPhase section */

/* Begin PBXVariantGroup section */
		28932D741F023E9E005703DB /* Main.storyboard */ = {
			isa = PBXVariantGroup;
			children = (
				28932D751F023E9E005703DB /* Base */,
			);
			name = Main.storyboard;
			sourceTree = "<group>";
		};
		28932D791F023E9E005703DB /* LaunchScreen.storyboard */ = {
			isa = PBXVariantGroup;
			children = (
				28932D7A1F023E9E005703DB /* Base */,
			);
			name = LaunchScreen.storyboard;
			sourceTree = "<group>";
		};
/* End PBXVariantGroup section */

/* Begin XCBuildConfiguration section */
		28932D7D1F023E9E005703DB /* Debug */ = {
			isa = XCBuildConfiguration;
			buildSettings = {
				ALWAYS_SEARCH_USER_PATHS = NO;
				CLANG_ANALYZER_NONNULL = YES;
				CLANG_ANALYZER_NUMBER_OBJECT_CONVERSION = YES_AGGRESSIVE;
				CLANG_CXX_LANGUAGE_STANDARD = "gnu++0x";
				CLANG_CXX_LIBRARY = "libc++";
				CLANG_ENABLE_MODULES = YES;
				CLANG_ENABLE_OBJC_ARC = YES;
				CLANG_WARN_BOOL_CONVERSION = YES;
				CLANG_WARN_CONSTANT_CONVERSION = YES;
				CLANG_WARN_DIRECT_OBJC_ISA_USAGE = YES_ERROR;
				CLANG_WARN_DOCUMENTATION_COMMENTS = YES;
				CLANG_WARN_EMPTY_BODY = YES;
				CLANG_WARN_ENUM_CONVERSION = YES;
				CLANG_WARN_INFINITE_RECURSION = YES;
				CLANG_WARN_INT_CONVERSION = YES;
				CLANG_WARN_OBJC_ROOT_CLASS = YES_ERROR;
				CLANG_WARN_SUSPICIOUS_MOVE = YES;
				CLANG_WARN_UNREACHABLE_CODE = YES;
				CLANG_WARN__DUPLICATE_METHOD_MATCH = YES;
				"CODE_SIGN_IDENTITY[sdk=iphoneos*]" = "iPhone Developer";
				COPY_PHASE_STRIP = NO;
				DEBUG_INFORMATION_FORMAT = dwarf;
				ENABLE_STRICT_OBJC_MSGSEND = YES;
				ENABLE_TESTABILITY = YES;
				GCC_C_LANGUAGE_STANDARD = gnu99;
				GCC_DYNAMIC_NO_PIC = NO;
				GCC_NO_COMMON_BLOCKS = YES;
				GCC_OPTIMIZATION_LEVEL = 0;
				GCC_PREPROCESSOR_DEFINITIONS = (
					"DEBUG=1",
					"$(inherited)",
				);
				GCC_WARN_64_TO_32_BIT_CONVERSION = YES;
				GCC_WARN_ABOUT_RETURN_TYPE = YES_ERROR;
				GCC_WARN_UNDECLARED_SELECTOR = YES;
				GCC_WARN_UNINITIALIZED_AUTOS = YES_AGGRESSIVE;
				GCC_WARN_UNUSED_FUNCTION = YES;
				GCC_WARN_UNUSED_VARIABLE = YES;
				IPHONEOS_DEPLOYMENT_TARGET = 10.3;
				MTL_ENABLE_DEBUG_INFO = YES;
				ONLY_ACTIVE_ARCH = YES;
				SDKROOT = iphoneos;
				TARGETED_DEVICE_FAMILY = "1,2";
			};
			name = Debug;
		};
		28932D7E1F023E9E005703DB /* Release */ = {
			isa = XCBuildConfiguration;
			buildSettings = {
				ALWAYS_SEARCH_USER_PATHS = NO;
				CLANG_ANALYZER_NONNULL = YES;
				CLANG_ANALYZER_NUMBER_OBJECT_CONVERSION = YES_AGGRESSIVE;
				CLANG_CXX_LANGUAGE_STANDARD = "gnu++0x";
				CLANG_CXX_LIBRARY = "libc++";
				CLANG_ENABLE_MODULES = YES;
				CLANG_ENABLE_OBJC_ARC = YES;
				CLANG_WARN_BOOL_CONVERSION = YES;
				CLANG_WARN_CONSTANT_CONVERSION = YES;
				CLANG_WARN_DIRECT_OBJC_ISA_USAGE = YES_ERROR;
				CLANG_WARN_DOCUMENTATION_COMMENTS = YES;
				CLANG_WARN_EMPTY_BODY = YES;
				CLANG_WARN_ENUM_CONVERSION = YES;
				CLANG_WARN_INFINITE_RECURSION = YES;
				CLANG_WARN_INT_CONVERSION = YES;
				CLANG_WARN_OBJC_ROOT_CLASS = YES_ERROR;
				CLANG_WARN_SUSPICIOUS_MOVE = YES;
				CLANG_WARN_UNREACHABLE_CODE = YES;
				CLANG_WARN__DUPLICATE_METHOD_MATCH = YES;
				"CODE_SIGN_IDENTITY[sdk=iphoneos*]" = "iPhone Developer";
				COPY_PHASE_STRIP = NO;
				DEBUG_INFORMATION_FORMAT = "dwarf-with-dsym";
				ENABLE_NS_ASSERTIONS = NO;
				ENABLE_STRICT_OBJC_MSGSEND = YES;
				GCC_C_LANGUAGE_STANDARD = gnu99;
				GCC_NO_COMMON_BLOCKS = YES;
				GCC_WARN_64_TO_32_BIT_CONVERSION = YES;
				GCC_WARN_ABOUT_RETURN_TYPE = YES_ERROR;
				GCC_WARN_UNDECLARED_SELECTOR = YES;
				GCC_WARN_UNINITIALIZED_AUTOS = YES_AGGRESSIVE;
				GCC_WARN_UNUSED_FUNCTION = YES;
				GCC_WARN_UNUSED_VARIABLE = YES;
				IPHONEOS_DEPLOYMENT_TARGET = 10.3;
				MTL_ENABLE_DEBUG_INFO = NO;
				SDKROOT = iphoneos;
				TARGETED_DEVICE_FAMILY = "1,2";
				VALIDATE_PRODUCT = YES;
			};
			name = Release;
		};
		28932D801F023E9E005703DB /* Debug */ = {
			isa = XCBuildConfiguration;
			buildSettings = {
				ASSETCATALOG_COMPILER_APPICON_NAME = AppIcon;
				INFOPLIST_FILE = DKCleanCache/Info.plist;
				LD_RUNPATH_SEARCH_PATHS = "$(inherited) @executable_path/Frameworks";
				PRODUCT_BUNDLE_IDENTIFIER = cn.Doublek.DKCleanCache;
				PRODUCT_NAME = "$(TARGET_NAME)";
			};
			name = Debug;
		};
		28932D811F023E9E005703DB /* Release */ = {
			isa = XCBuildConfiguration;
			buildSettings = {
				ASSETCATALOG_COMPILER_APPICON_NAME = AppIcon;
				INFOPLIST_FILE = DKCleanCache/Info.plist;
				LD_RUNPATH_SEARCH_PATHS = "$(inherited) @executable_path/Frameworks";
				PRODUCT_BUNDLE_IDENTIFIER = cn.Doublek.DKCleanCache;
				PRODUCT_NAME = "$(TARGET_NAME)";
			};
			name = Release;
		};
/* End XCBuildConfiguration section */

/* Begin XCConfigurationList section */
		28932D631F023E9E005703DB /* Build configuration list for PBXProject "DKCleanCache" */ = {
			isa = XCConfigurationList;
			buildConfigurations = (
				28932D7D1F023E9E005703DB /* Debug */,
				28932D7E1F023E9E005703DB /* Release */,
			);
			defaultConfigurationIsVisible = 0;
			defaultConfigurationName = Release;
		};
		28932D7F1F023E9E005703DB /* Build configuration list for PBXNativeTarget "DKCleanCache" */ = {
			isa = XCConfigurationList;
			buildConfigurations = (
				28932D801F023E9E005703DB /* Debug */,
				28932D811F023E9E005703DB /* Release */,
			);
			defaultConfigurationIsVisible = 0;
		};
/* End XCConfigurationList section */
	};
	rootObject = 28932D601F023E9E005703DB /* Project object */;
}
